# THIS IS AN AUTOGENERATED FILE. DO NOT EDIT THIS FILE DIRECTLY.
# yarn lockfile v1


amdefine@>=0.0.4:
  version "1.0.1"
  resolved "https://registry.yarnpkg.com/amdefine/-/amdefine-1.0.1.tgz#4a5282ac164729e93619bcfd3ad151f817ce91f5"
  integrity sha1-SlKCrBZHKek2Gbz9OtFR+BfOkfU=

commander@0.6.1:
  version "0.6.1"
  resolved "https://registry.yarnpkg.com/commander/-/commander-0.6.1.tgz#fa68a14f6a945d54dbbe50d8cdb3320e9e3b1a06"
  integrity sha1-+mihT2qUXVTbvlDYzbMyDp47GgY=

commander@2.3.0:
  version "2.3.0"
  resolved "https://registry.yarnpkg.com/commander/-/commander-2.3.0.tgz#fd430e889832ec353b9acd1de217c11cb3eef873"
  integrity sha1-/UMOiJgy7DU7ms0d4hfBHLPu+HM=

convert-source-map@~0.3.3:
  version "0.3.5"
  resolved "https://registry.yarnpkg.com/convert-source-map/-/convert-source-map-0.3.5.tgz#f1d802950af7dd2631a1febe0596550c86ab3190"
  integrity sha1-8dgClQr33SYxof6+BZZVDIarMZA=

debug@2.0.0:
  version "2.0.0"
  resolved "https://registry.yarnpkg.com/debug/-/debug-2.0.0.tgz#89bd9df6732b51256bc6705342bba02ed12131ef"
  integrity sha1-ib2d9nMrUSVrxnBTQrugLtEhMe8=
  dependencies:
    ms "0.6.2"

diff@1.0.8:
  version "1.0.8"
  resolved "https://registry.yarnpkg.com/diff/-/diff-1.0.8.tgz#343276308ec991b7bc82267ed55bc1411f971666"
  integrity sha1-NDJ2MI7Jkbe8giZ+1VvBQR+XFmY=

empower@~0.7.1:
  version "0.7.3"
  resolved "https://registry.yarnpkg.com/empower/-/empower-0.7.3.tgz#0a70e941d1d29683f33f936deb85c52c10496e84"
  integrity sha1-CnDpQdHSloPzP5Nt64XFLBBJboQ=
  dependencies:
    node.extend "~1.0.10"

escape-string-regexp@1.0.2:
  version "1.0.2"
  resolved "https://registry.yarnpkg.com/escape-string-regexp/-/escape-string-regexp-1.0.2.tgz#4dbc2fe674e71949caf3fb2695ce7f2dc1d9a8d1"
  integrity sha1-Tbwv5nTnGUnK8/smlc5/LcHZqNE=

escodegen@~1.3.2:
  version "1.3.3"
  resolved "https://registry.yarnpkg.com/escodegen/-/escodegen-1.3.3.tgz#f024016f5a88e046fd12005055e939802e6c5f23"
  integrity sha1-8CQBb1qI4Eb9EgBQVek5gC5sXyM=
  dependencies:
    esprima "~1.1.1"
    estraverse "~1.5.0"
    esutils "~1.0.0"
  optionalDependencies:
    source-map "~0.1.33"

espower-loader@^0.7.1:
  version "0.7.1"
  resolved "https://registry.yarnpkg.com/espower-loader/-/espower-loader-0.7.1.tgz#c30bb89f9e90a13ff7b230f9a50e65247165eb72"
  integrity sha1-wwu4n56QoT/3sjD5pQ5lJHFl63I=
  dependencies:
    espower-source "~0.7.1"
    minimatch "~0.3.0"

espower-source@~0.7.1:
  version "0.7.3"
  resolved "https://registry.yarnpkg.com/espower-source/-/espower-source-0.7.3.tgz#d61406fbc50cd39dfbda2eab9c2c2935c266260d"
  integrity sha1-1hQG+8UM05372i6rnCwpNcJmJg0=
  dependencies:
    convert-source-map "~0.3.3"
    escodegen "~1.3.2"
    espower "~0.7.0"
    esprima "~1.2.1"
    lodash.merge "~2.4.1"

espower@~0.7.0:
  version "0.7.0"
  resolved "https://registry.yarnpkg.com/espower/-/espower-0.7.0.tgz#09362812d188a8c91a7d0f20aeda5a29e70e79fd"
  integrity sha1-CTYoEtGIqMkafQ8grtpaKecOef0=
  dependencies:
    escodegen "~1.3.2"
    esprima "~1.2.0"
    estraverse "~1.5.0"

esprima@~1.1.1:
  version "1.1.1"
  resolved "https://registry.yarnpkg.com/esprima/-/esprima-1.1.1.tgz#5b6f1547f4d102e670e140c509be6771d6aeb549"
  integrity sha1-W28VR/TRAuZw4UDFCb5ncdautUk=

esprima@~1.2.0, esprima@~1.2.1:
  version "1.2.5"
  resolved "https://registry.yarnpkg.com/esprima/-/esprima-1.2.5.tgz#0993502feaf668138325756f30f9a51feeec11e9"
  integrity sha1-CZNQL+r2aBODJXVvMPmlH+7sEek=

estraverse@~1.5.0:
  version "1.5.1"
  resolved "https://registry.yarnpkg.com/estraverse/-/estraverse-1.5.1.tgz#867a3e8e58a9f84618afb6c2ddbcd916b7cbaf71"
  integrity sha1-hno+jlip+EYYr7bC3bzZFrfLr3E=

esutils@~1.0.0:
  version "1.0.0"
  resolved "https://registry.yarnpkg.com/esutils/-/esutils-1.0.0.tgz#8151d358e20c8acc7fb745e7472c0025fe496570"
  integrity sha1-gVHTWOIMisx/t0XnRywAJf5JZXA=

glob@3.2.3:
  version "3.2.3"
  resolved "https://registry.yarnpkg.com/glob/-/glob-3.2.3.tgz#e313eeb249c7affaa5c475286b0e115b59839467"
  integrity sha1-4xPusknHr/qlxHUoaw4RW1mDlGc=
  dependencies:
    graceful-fs "~2.0.0"
    inherits "2"
    minimatch "~0.2.11"

googlediff@~0.1.0:
  version "0.1.0"
  resolved "https://registry.yarnpkg.com/googlediff/-/googlediff-0.1.0.tgz#99acf05cc06223eb66c29008d81f9b2d18c2453d"
  integrity sha1-mazwXMBiI+tmwpAI2B+bLRjCRT0=

graceful-fs@~2.0.0:
  version "2.0.3"
  resolved "https://registry.yarnpkg.com/graceful-fs/-/graceful-fs-2.0.3.tgz#7cd2cdb228a4a3f36e95efa6cc142de7d1a136d0"
  integrity sha1-fNLNsiiko/Nule+mzBQt59GhNtA=

growl@1.8.1:
  version "1.8.1"
  resolved "https://registry.yarnpkg.com/growl/-/growl-1.8.1.tgz#4b2dec8d907e93db336624dcec0183502f8c9428"
  integrity sha1-Sy3sjZB+k9szZiTc7AGDUC+MlCg=

inherits@2:
  version "2.0.4"
  resolved "https://registry.yarnpkg.com/inherits/-/inherits-2.0.4.tgz#0fa2c64f932917c3433a0ded55363aae37416b7c"
  integrity sha512-k/vGaX4/Yla3WzyMCvTQOXYeIHvqOKtnqBduzTHpzpQZzAskKMhZ2K+EnBiSM9zGSoIFeMpXKxa4dYeZIQqewQ==

intelli-espower-loader@^0.2.0:
  version "0.2.0"
  resolved "https://registry.yarnpkg.com/intelli-espower-loader/-/intelli-espower-loader-0.2.0.tgz#8d712494146d6d98dc1726829141bb4890c896bf"
  integrity sha1-jXEklBRtbZjcFyaCkUG7SJDIlr8=

is@~0.3.0:
  version "0.3.0"
  resolved "https://registry.yarnpkg.com/is/-/is-0.3.0.tgz#a8f71dfc8a6e28371627f26c929098c6f4d5d5d7"
  integrity sha1-qPcd/IpuKDcWJ/JskpCYxvTV1dc=

jade@0.26.3:
  version "0.26.3"
  resolved "https://registry.yarnpkg.com/jade/-/jade-0.26.3.tgz#8f10d7977d8d79f2f6ff862a81b0513ccb25686c"
  integrity sha1-jxDXl32NefL2/4YqgbBRPMslaGw=
  dependencies:
    commander "0.6.1"
    mkdirp "0.3.0"

lodash._arraypool@~2.4.1:
  version "2.4.1"
  resolved "https://registry.yarnpkg.com/lodash._arraypool/-/lodash._arraypool-2.4.1.tgz#e88eecb92e2bb84c9065612fd958a0719cd47f94"
  integrity sha1-6I7suS4ruEyQZWEv2VigcZzUf5Q=

lodash._basebind@~2.4.1:
  version "2.4.1"
  resolved "https://registry.yarnpkg.com/lodash._basebind/-/lodash._basebind-2.4.1.tgz#e940b9ebdd27c327e0a8dab1b55916c5341e9575"
  integrity sha1-6UC5690nwyfgqNqxtVkWxTQelXU=
  dependencies:
    lodash._basecreate "~2.4.1"
    lodash._setbinddata "~2.4.1"
    lodash._slice "~2.4.1"
    lodash.isobject "~2.4.1"

lodash._basecreate@~2.4.1:
  version "2.4.1"
  resolved "https://registry.yarnpkg.com/lodash._basecreate/-/lodash._basecreate-2.4.1.tgz#f8e6f5b578a9e34e541179b56b8eeebf4a287e08"
  integrity sha1-+Ob1tXip405UEXm1a47uv0oofgg=
  dependencies:
    lodash._isnative "~2.4.1"
    lodash.isobject "~2.4.1"
    lodash.noop "~2.4.1"

lodash._basecreatecallback@~2.4.1:
  version "2.4.1"
  resolved "https://registry.yarnpkg.com/lodash._basecreatecallback/-/lodash._basecreatecallback-2.4.1.tgz#7d0b267649cb29e7a139d0103b7c11fae84e4851"
  integrity sha1-fQsmdknLKeehOdAQO3wR+uhOSFE=
  dependencies:
    lodash._setbinddata "~2.4.1"
    lodash.bind "~2.4.1"
    lodash.identity "~2.4.1"
    lodash.support "~2.4.1"

lodash._basecreatewrapper@~2.4.1:
  version "2.4.1"
  resolved "https://registry.yarnpkg.com/lodash._basecreatewrapper/-/lodash._basecreatewrapper-2.4.1.tgz#4d31f2e7de7e134fbf2803762b8150b32519666f"
  integrity sha1-TTHy595+E0+/KAN2K4FQsyUZZm8=
  dependencies:
    lodash._basecreate "~2.4.1"
    lodash._setbinddata "~2.4.1"
    lodash._slice "~2.4.1"
    lodash.isobject "~2.4.1"

lodash._basemerge@~2.4.1:
  version "2.4.1"
  resolved "https://registry.yarnpkg.com/lodash._basemerge/-/lodash._basemerge-2.4.1.tgz#07666bafbfc0b19aa9daf826d92bbe259bb2e913"
  integrity sha1-B2Zrr7/AsZqp2vgm2Su+JZuy6RM=
  dependencies:
    lodash.foreach "~2.4.1"
    lodash.forown "~2.4.1"
    lodash.isarray "~2.4.1"
    lodash.isplainobject "~2.4.1"

lodash._createwrapper@~2.4.1:
  version "2.4.1"
  resolved "https://registry.yarnpkg.com/lodash._createwrapper/-/lodash._createwrapper-2.4.1.tgz#51d6957973da4ed556e37290d8c1a18c53de1607"
  integrity sha1-UdaVeXPaTtVW43KQ2MGhjFPeFgc=
  dependencies:
    lodash._basebind "~2.4.1"
    lodash._basecreatewrapper "~2.4.1"
    lodash._slice "~2.4.1"
    lodash.isfunction "~2.4.1"

lodash._getarray@~2.4.1:
  version "2.4.1"
  resolved "https://registry.yarnpkg.com/lodash._getarray/-/lodash._getarray-2.4.1.tgz#faf1f7f810fa985a251c2187404481094839e5ee"
  integrity sha1-+vH3+BD6mFolHCGHQESBCUg55e4=
  dependencies:
    lodash._arraypool "~2.4.1"

lodash._isnative@~2.4.1:
  version "2.4.1"
  resolved "https://registry.yarnpkg.com/lodash._isnative/-/lodash._isnative-2.4.1.tgz#3ea6404b784a7be836c7b57580e1cdf79b14832c"
  integrity sha1-PqZAS3hKe+g2x7V1gOHN95sUgyw=

lodash._maxpoolsize@~2.4.1:
  version "2.4.1"
  resolved "https://registry.yarnpkg.com/lodash._maxpoolsize/-/lodash._maxpoolsize-2.4.1.tgz#9d482f463b8e66afbe59c2c14edb117060172334"
  integrity sha1-nUgvRjuOZq++WcLBTtsRcGAXIzQ=

lodash._objecttypes@~2.4.1:
  version "2.4.1"
  resolved "https://registry.yarnpkg.com/lodash._objecttypes/-/lodash._objecttypes-2.4.1.tgz#7c0b7f69d98a1f76529f890b0cdb1b4dfec11c11"
  integrity sha1-fAt/admKH3ZSn4kLDNsbTf7BHBE=

lodash._releasearray@~2.4.1:
  version "2.4.1"
  resolved "https://registry.yarnpkg.com/lodash._releasearray/-/lodash._releasearray-2.4.1.tgz#a6139630d76d1536b07ddc80962889b082f6a641"
  integrity sha1-phOWMNdtFTawfdyAliiJsIL2pkE=
  dependencies:
    lodash._arraypool "~2.4.1"
    lodash._maxpoolsize "~2.4.1"

lodash._setbinddata@~2.4.1:
  version "2.4.1"
  resolved "https://registry.yarnpkg.com/lodash._setbinddata/-/lodash._setbinddata-2.4.1.tgz#f7c200cd1b92ef236b399eecf73c648d17aa94d2"
  integrity sha1-98IAzRuS7yNrOZ7s9zxkjReqlNI=
  dependencies:
    lodash._isnative "~2.4.1"
    lodash.noop "~2.4.1"

lodash._shimisplainobject@~2.4.1:
  version "2.4.1"
  resolved "https://registry.yarnpkg.com/lodash._shimisplainobject/-/lodash._shimisplainobject-2.4.1.tgz#01ec93b2ee63e59f1aa83899ac6fa0905ac7596f"
  integrity sha1-AeyTsu5j5Z8aqDiZrG+gkFrHWW8=
  dependencies:
    lodash.forin "~2.4.1"
    lodash.isfunction "~2.4.1"

lodash._shimkeys@~2.4.1:
  version "2.4.1"
  resolved "https://registry.yarnpkg.com/lodash._shimkeys/-/lodash._shimkeys-2.4.1.tgz#6e9cc9666ff081f0b5a6c978b83e242e6949d203"
  integrity sha1-bpzJZm/wgfC1psl4uD4kLmlJ0gM=
  dependencies:
    lodash._objecttypes "~2.4.1"

lodash._slice@~2.4.1:
  version "2.4.1"
  resolved "https://registry.yarnpkg.com/lodash._slice/-/lodash._slice-2.4.1.tgz#745cf41a53597b18f688898544405efa2b06d90f"
  integrity sha1-dFz0GlNZexj2iImFREBe+isG2Q8=

lodash.bind@~2.4.1:
  version "2.4.1"
  resolved "https://registry.yarnpkg.com/lodash.bind/-/lodash.bind-2.4.1.tgz#5d19fa005c8c4d236faf4742c7b7a1fcabe29267"
  integrity sha1-XRn6AFyMTSNvr0dCx7eh/Kvikmc=
  dependencies:
    lodash._createwrapper "~2.4.1"
    lodash._slice "~2.4.1"

lodash.foreach@~2.4.1:
  version "2.4.1"
  resolved "https://registry.yarnpkg.com/lodash.foreach/-/lodash.foreach-2.4.1.tgz#fe3fc3a34c86c94cab6f9522560282741e016309"
  integrity sha1-/j/Do0yGyUyrb5UiVgKCdB4BYwk=
  dependencies:
    lodash._basecreatecallback "~2.4.1"
    lodash.forown "~2.4.1"

lodash.forin@~2.4.1:
  version "2.4.1"
  resolved "https://registry.yarnpkg.com/lodash.forin/-/lodash.forin-2.4.1.tgz#8089eaed7d25b08672b7c66fd07ac55d062320eb"
  integrity sha1-gInq7X0lsIZyt8Zv0HrFXQYjIOs=
  dependencies:
    lodash._basecreatecallback "~2.4.1"
    lodash._objecttypes "~2.4.1"

lodash.forown@~2.4.1:
  version "2.4.1"
  resolved "https://registry.yarnpkg.com/lodash.forown/-/lodash.forown-2.4.1.tgz#78b41eafe1405fa966459ea4193fd502d084524b"
  integrity sha1-eLQer+FAX6lmRZ6kGT/VAtCEUks=
  dependencies:
    lodash._basecreatecallback "~2.4.1"
    lodash._objecttypes "~2.4.1"
    lodash.keys "~2.4.1"

lodash.identity@~2.4.1:
  version "2.4.1"
  resolved "https://registry.yarnpkg.com/lodash.identity/-/lodash.identity-2.4.1.tgz#6694cffa65fef931f7c31ce86c74597cf560f4f1"
  integrity sha1-ZpTP+mX++TH3wxzobHRZfPVg9PE=

lodash.isarray@~2.4.1:
  version "2.4.1"
  resolved "https://registry.yarnpkg.com/lodash.isarray/-/lodash.isarray-2.4.1.tgz#b52a326c1f62f6d7da73a31d5401df6ef44f0fa1"
  integrity sha1-tSoybB9i9tfac6MdVAHfbvRPD6E=
  dependencies:
    lodash._isnative "~2.4.1"

lodash.isfunction@~2.4.1:
  version "2.4.1"
  resolved "https://registry.yarnpkg.com/lodash.isfunction/-/lodash.isfunction-2.4.1.tgz#2cfd575c73e498ab57e319b77fa02adef13a94d1"
  integrity sha1-LP1XXHPkmKtX4xm3f6Aq3vE6lNE=

lodash.isobject@~2.4.1:
  version "2.4.1"
  resolved "https://registry.yarnpkg.com/lodash.isobject/-/lodash.isobject-2.4.1.tgz#5a2e47fe69953f1ee631a7eba1fe64d2d06558f5"
  integrity sha1-Wi5H/mmVPx7mMafrof5k0tBlWPU=
  dependencies:
    lodash._objecttypes "~2.4.1"

lodash.isplainobject@~2.4.1:
  version "2.4.1"
  resolved "https://registry.yarnpkg.com/lodash.isplainobject/-/lodash.isplainobject-2.4.1.tgz#ac7385e2ea9ac0321f30dc3b8032a6d2231a8011"
  integrity sha1-rHOF4uqawDIfMNw7gDKm0iMagBE=
  dependencies:
    lodash._isnative "~2.4.1"
    lodash._shimisplainobject "~2.4.1"

lodash.keys@~2.4.1:
  version "2.4.1"
  resolved "https://registry.yarnpkg.com/lodash.keys/-/lodash.keys-2.4.1.tgz#48dea46df8ff7632b10d706b8acb26591e2b3727"
  integrity sha1-SN6kbfj/djKxDXBrissmWR4rNyc=
  dependencies:
    lodash._isnative "~2.4.1"
    lodash._shimkeys "~2.4.1"
    lodash.isobject "~2.4.1"

lodash.merge@~2.4.1:
  version "2.4.1"
  resolved "https://registry.yarnpkg.com/lodash.merge/-/lodash.merge-2.4.1.tgz#4c9fe843f6d79e1b0522181bcdea04308867d21e"
  integrity sha1-TJ/oQ/bXnhsFIhgbzeoEMIhn0h4=
  dependencies:
    lodash._basecreatecallback "~2.4.1"
    lodash._basemerge "~2.4.1"
    lodash._getarray "~2.4.1"
    lodash._releasearray "~2.4.1"
    lodash._slice "~2.4.1"
    lodash.isobject "~2.4.1"

lodash.noop@~2.4.1:
  version "2.4.1"
  resolved "https://registry.yarnpkg.com/lodash.noop/-/lodash.noop-2.4.1.tgz#4fb54f816652e5ae10e8f72f717a388c7326538a"
  integrity sha1-T7VPgWZS5a4Q6PcvcXo4jHMmU4o=

lodash.support@~2.4.1:
  version "2.4.1"
  resolved "https://registry.yarnpkg.com/lodash.support/-/lodash.support-2.4.1.tgz#320e0b67031673c28d7a2bb5d9e0331a45240515"
  integrity sha1-Mg4LZwMWc8KNeiu12eAzGkUkBRU=
  dependencies:
    lodash._isnative "~2.4.1"

lru-cache@2:
  version "2.7.3"
  resolved "https://registry.yarnpkg.com/lru-cache/-/lru-cache-2.7.3.tgz#6d4524e8b955f95d4f5b58851ce21dd72fb4e952"
  integrity sha1-bUUk6LlV+V1PW1iFHOId1y+06VI=

minimatch@~0.2.11:
  version "0.2.14"
  resolved "https://registry.yarnpkg.com/minimatch/-/minimatch-0.2.14.tgz#c74e780574f63c6f9a090e90efbe6ef53a6a756a"
  integrity sha1-x054BXT2PG+aCQ6Q775u9TpqdWo=
  dependencies:
    lru-cache "2"
    sigmund "~1.0.0"

minimatch@~0.3.0:
  version "0.3.0"
  resolved "https://registry.yarnpkg.com/minimatch/-/minimatch-0.3.0.tgz#275d8edaac4f1bb3326472089e7949c8394699dd"
  integrity sha1-J12O2qxPG7MyZHIInnlJyDlGmd0=
  dependencies:
    lru-cache "2"
    sigmund "~1.0.0"

minimist@0.0.8:
  version "0.0.8"
  resolved "https://registry.yarnpkg.com/minimist/-/minimist-0.0.8.tgz#857fcabfc3397d2625b8228262e86aa7a011b05d"
  integrity sha1-hX/Kv8M5fSYluCKCYuhqp6ARsF0=

mkdirp@0.3.0:
  version "0.3.0"
  resolved "https://registry.yarnpkg.com/mkdirp/-/mkdirp-0.3.0.tgz#1bbf5ab1ba827af23575143490426455f481fe1e"
  integrity sha1-G79asbqCevI1dRQ0kEJkVfSB/h4=

mkdirp@0.5.0:
  version "0.5.0"
  resolved "https://registry.yarnpkg.com/mkdirp/-/mkdirp-0.5.0.tgz#1d73076a6df986cd9344e15e71fcc05a4c9abf12"
  integrity sha1-HXMHam35hs2TROFecfzAWkyavxI=
  dependencies:
    minimist "0.0.8"

mocha@^1.21.4:
  version "1.21.5"
  resolved "https://registry.yarnpkg.com/mocha/-/mocha-1.21.5.tgz#7c58b09174df976e434a23b1e8d639873fc529e9"
  integrity sha1-fFiwkXTfl25DSiOx6NY5hz/FKek=
  dependencies:
    commander "2.3.0"
    debug "2.0.0"
    diff "1.0.8"
    escape-string-regexp "1.0.2"
    glob "3.2.3"
    growl "1.8.1"
    jade "0.26.3"
    mkdirp "0.5.0"

ms@0.6.2:
  version "0.6.2"
  resolved "https://registry.yarnpkg.com/ms/-/ms-0.6.2.tgz#d89c2124c6fdc1353d65a8b77bf1aac4b193708c"
  integrity sha1-2JwhJMb9wTU9Zai3e/GqxLGTcIw=

node.extend@~1.0.10:
  version "1.0.10"
  resolved "https://registry.yarnpkg.com/node.extend/-/node.extend-1.0.10.tgz#3269bddf81c54535f408abc784c32b0d2bd55f6f"
  integrity sha1-Mmm934HFRTX0CKvHhMMrDSvVX28=
  dependencies:
    is "~0.3.0"

power-assert-formatter@~0.7.1:
  version "0.7.1"
  resolved "https://registry.yarnpkg.com/power-assert-formatter/-/power-assert-formatter-0.7.1.tgz#a1b9959fa53f17a582bea5a5d99009d2a1bd87ad"
  integrity sha1-obmVn6U/F6WCvqWl2ZAJ0qG9h60=
  dependencies:
    esprima "~1.2.1"
    estraverse "~1.5.0"
    googlediff "~0.1.0"

power-assert@^0.7.2:
  version "0.7.2"
  resolved "https://registry.yarnpkg.com/power-assert/-/power-assert-0.7.2.tgz#b89afa3e9fa5eb3a6e4b1e9f287639208135fc23"
  integrity sha1-uJr6Pp+l6zpuSx6fKHY5IIE1/CM=
  dependencies:
    empower "~0.7.1"
    power-assert-formatter "~0.7.1"

sigmund@~1.0.0:
  version "1.0.1"
  resolved "https://registry.yarnpkg.com/sigmund/-/sigmund-1.0.1.tgz#3ff21f198cad2175f9f3b781853fd94d0d19b590"
  integrity sha1-P/IfGYytIXX587eBhT/ZTQ0ZtZA=

source-map@~0.1.33:
  version "0.1.43"
  resolved "https://registry.yarnpkg.com/source-map/-/source-map-0.1.43.tgz#c24bc146ca517c1471f5dacbe2571b2b7f9e3346"
  integrity sha1-wkvBRspRfBRx9drL4lcbK3+eM0Y=
  dependencies:
    amdefine ">=0.0.4"
